// !$*UTF8*$!
{
	archiveVersion = 1;
	classes = {
	};
	objectVersion = 51;
	objects = {

/* Begin PBXBuildFile section */
		7CEC10FF3F8C25D1EEB4BA19 /* Pods_FWC.framework in Frameworks */ = {isa = PBXBuildFile; fileRef = AA7DFCC883843EA154AEB5C6 /* Pods_FWC.framework */; };
		CE00C5842949FDCD009B060D /* LaunchScreen.png in Resources */ = {isa = PBXBuildFile; fileRef = CE00C5832949FDCD009B060D /* LaunchScreen.png */; };
		CE00C587294A0098009B060D /* icons8-add-64.png in Resources */ = {isa = PBXBuildFile; fileRef = CE00C586294A0098009B060D /* icons8-add-64.png */; };
		CE3CFD87294AF9740051ECA5 /* FMDatabaseAdditions.m in Sources */ = {isa = PBXBuildFile; fileRef = CE3CFD7C294AF9740051ECA5 /* FMDatabaseAdditions.m */; };
		CE3CFD88294AF9740051ECA5 /* FMDatabase.m in Sources */ = {isa = PBXBuildFile; fileRef = CE3CFD7E294AF9740051ECA5 /* FMDatabase.m */; };
		CE3CFD89294AF9740051ECA5 /* FMDatabaseQueue.m in Sources */ = {isa = PBXBuildFile; fileRef = CE3CFD80294AF9740051ECA5 /* FMDatabaseQueue.m */; };
		CE3CFD8A294AF9740051ECA5 /* FMResultSet.m in Sources */ = {isa = PBXBuildFile; fileRef = CE3CFD83294AF9740051ECA5 /* FMResultSet.m */; };
		CE3CFD8B294AF9740051ECA5 /* FMDatabasePool.m in Sources */ = {isa = PBXBuildFile; fileRef = CE3CFD84294AF9740051ECA5 /* FMDatabasePool.m */; };
		CE3CFD8F294AFA320051ECA5 /* DBManager.swift in Sources */ = {isa = PBXBuildFile; fileRef = CE3CFD8E294AFA320051ECA5 /* DBManager.swift */; };
		CEC8FE4129533AF6006F8160 /* WebInfoTableViewCell.swift in Sources */ = {isa = PBXBuildFile; fileRef = CEC8FE4029533AF6006F8160 /* WebInfoTableViewCell.swift */; };
		CEC8FE4429533BB9006F8160 /* WebInformation.swift in Sources */ = {isa = PBXBuildFile; fileRef = CEC8FE4329533BB9006F8160 /* WebInformation.swift */; };
		CEE936602940D07800945C64 /* AppDelegate.swift in Sources */ = {isa = PBXBuildFile; fileRef = CEE9365F2940D07800945C64 /* AppDelegate.swift */; };
		CEE936622940D07800945C64 /* SceneDelegate.swift in Sources */ = {isa = PBXBuildFile; fileRef = CEE936612940D07800945C64 /* SceneDelegate.swift */; };
		CEE936642940D07800945C64 /* ViewController.swift in Sources */ = {isa = PBXBuildFile; fileRef = CEE936632940D07800945C64 /* ViewController.swift */; };
		CEE936672940D07800945C64 /* Main.storyboard in Resources */ = {isa = PBXBuildFile; fileRef = CEE936652940D07800945C64 /* Main.storyboard */; };
		CEE936692940D07900945C64 /* Assets.xcassets in Resources */ = {isa = PBXBuildFile; fileRef = CEE936682940D07900945C64 /* Assets.xcassets */; };
		CEE9366C2940D07900945C64 /* LaunchScreen.storyboard in Resources */ = {isa = PBXBuildFile; fileRef = CEE9366A2940D07900945C64 /* LaunchScreen.storyboard */; };
		CEE936822940DA7600945C64 /* SideMenuViewController.swift in Sources */ = {isa = PBXBuildFile; fileRef = CEE936812940DA7600945C64 /* SideMenuViewController.swift */; };
/* End PBXBuildFile section */

/* Begin PBXFileReference section */
		1F4E80B43D5859B4636E9F20 /* Pods-FWC.debug.xcconfig */ = {isa = PBXFileReference; includeInIndex = 1; lastKnownFileType = text.xcconfig; name = "Pods-FWC.debug.xcconfig"; path = "Target Support Files/Pods-FWC/Pods-FWC.debug.xcconfig"; sourceTree = "<group>"; };
		AA7DFCC883843EA154AEB5C6 /* Pods_FWC.framework */ = {isa = PBXFileReference; explicitFileType = wrapper.framework; includeInIndex = 0; path = Pods_FWC.framework; sourceTree = BUILT_PRODUCTS_DIR; };
		CE00C5832949FDCD009B060D /* LaunchScreen.png */ = {isa = PBXFileReference; lastKnownFileType = image.png; path = LaunchScreen.png; sourceTree = "<group>"; };
		CE00C586294A0098009B060D /* icons8-add-64.png */ = {isa = PBXFileReference; lastKnownFileType = image.png; path = "icons8-add-64.png"; sourceTree = "<group>"; };
		CE3CFD77294AF56C0051ECA5 /* libsqlite3.tbd */ = {isa = PBXFileReference; lastKnownFileType = "sourcecode.text-based-dylib-definition"; name = libsqlite3.tbd; path = usr/lib/libsqlite3.tbd; sourceTree = SDKROOT; };
		CE3CFD7B294AF9730051ECA5 /* FWC-Bridging-Header.h */ = {isa = PBXFileReference; lastKnownFileType = sourcecode.c.h; path = "FWC-Bridging-Header.h"; sourceTree = "<group>"; };
		CE3CFD7C294AF9740051ECA5 /* FMDatabaseAdditions.m */ = {isa = PBXFileReference; fileEncoding = 4; lastKnownFileType = sourcecode.c.objc; path = FMDatabaseAdditions.m; sourceTree = "<group>"; };
		CE3CFD7D294AF9740051ECA5 /* FMDatabaseQueue.h */ = {isa = PBXFileReference; fileEncoding = 4; lastKnownFileType = sourcecode.c.h; path = FMDatabaseQueue.h; sourceTree = "<group>"; };
		CE3CFD7E294AF9740051ECA5 /* FMDatabase.m */ = {isa = PBXFileReference; fileEncoding = 4; lastKnownFileType = sourcecode.c.objc; path = FMDatabase.m; sourceTree = "<group>"; };
		CE3CFD7F294AF9740051ECA5 /* FMDatabase.h */ = {isa = PBXFileReference; fileEncoding = 4; lastKnownFileType = sourcecode.c.h; path = FMDatabase.h; sourceTree = "<group>"; };
		CE3CFD80294AF9740051ECA5 /* FMDatabaseQueue.m */ = {isa = PBXFileReference; fileEncoding = 4; lastKnownFileType = sourcecode.c.objc; path = FMDatabaseQueue.m; sourceTree = "<group>"; };
		CE3CFD81294AF9740051ECA5 /* FMDatabasePool.h */ = {isa = PBXFileReference; fileEncoding = 4; lastKnownFileType = sourcecode.c.h; path = FMDatabasePool.h; sourceTree = "<group>"; };
		CE3CFD82294AF9740051ECA5 /* FMDB.h */ = {isa = PBXFileReference; fileEncoding = 4; lastKnownFileType = sourcecode.c.h; path = FMDB.h; sourceTree = "<group>"; };
		CE3CFD83294AF9740051ECA5 /* FMResultSet.m */ = {isa = PBXFileReference; fileEncoding = 4; lastKnownFileType = sourcecode.c.objc; path = FMResultSet.m; sourceTree = "<group>"; };
		CE3CFD84294AF9740051ECA5 /* FMDatabasePool.m */ = {isa = PBXFileReference; fileEncoding = 4; lastKnownFileType = sourcecode.c.objc; path = FMDatabasePool.m; sourceTree = "<group>"; };
		CE3CFD85294AF9740051ECA5 /* FMResultSet.h */ = {isa = PBXFileReference; fileEncoding = 4; lastKnownFileType = sourcecode.c.h; path = FMResultSet.h; sourceTree = "<group>"; };
		CE3CFD86294AF9740051ECA5 /* FMDatabaseAdditions.h */ = {isa = PBXFileReference; fileEncoding = 4; lastKnownFileType = sourcecode.c.h; path = FMDatabaseAdditions.h; sourceTree = "<group>"; };
		CE3CFD8E294AFA320051ECA5 /* DBManager.swift */ = {isa = PBXFileReference; lastKnownFileType = sourcecode.swift; path = DBManager.swift; sourceTree = "<group>"; };
		CEC8FE4029533AF6006F8160 /* WebInfoTableViewCell.swift */ = {isa = PBXFileReference; lastKnownFileType = sourcecode.swift; path = WebInfoTableViewCell.swift; sourceTree = "<group>"; };
		CEC8FE4329533BB9006F8160 /* WebInformation.swift */ = {isa = PBXFileReference; lastKnownFileType = sourcecode.swift; path = WebInformation.swift; sourceTree = "<group>"; };
		CEE9365C2940D07800945C64 /* FWC.app */ = {isa = PBXFileReference; explicitFileType = wrapper.application; includeInIndex = 0; path = FWC.app; sourceTree = BUILT_PRODUCTS_DIR; };
		CEE9365F2940D07800945C64 /* AppDelegate.swift */ = {isa = PBXFileReference; lastKnownFileType = sourcecode.swift; path = AppDelegate.swift; sourceTree = "<group>"; };
		CEE936612940D07800945C64 /* SceneDelegate.swift */ = {isa = PBXFileReference; lastKnownFileType = sourcecode.swift; path = SceneDelegate.swift; sourceTree = "<group>"; };
		CEE936632940D07800945C64 /* ViewController.swift */ = {isa = PBXFileReference; lastKnownFileType = sourcecode.swift; path = ViewController.swift; sourceTree = "<group>"; };
		CEE936662940D07800945C64 /* Base */ = {isa = PBXFileReference; lastKnownFileType = file.storyboard; name = Base; path = Base.lproj/Main.storyboard; sourceTree = "<group>"; };
		CEE936682940D07900945C64 /* Assets.xcassets */ = {isa = PBXFileReference; lastKnownFileType = folder.assetcatalog; path = Assets.xcassets; sourceTree = "<group>"; };
		CEE9366B2940D07900945C64 /* Base */ = {isa = PBXFileReference; lastKnownFileType = file.storyboard; name = Base; path = Base.lproj/LaunchScreen.storyboard; sourceTree = "<group>"; };
		CEE9366D2940D07900945C64 /* Info.plist */ = {isa = PBXFileReference; lastKnownFileType = text.plist.xml; path = Info.plist; sourceTree = "<group>"; };
		CEE936812940DA7600945C64 /* SideMenuViewController.swift */ = {isa = PBXFileReference; lastKnownFileType = sourcecode.swift; path = SideMenuViewController.swift; sourceTree = "<group>"; };
		F190B7D3C9655F2B3E6AF006 /* Pods-FWC.release.xcconfig */ = {isa = PBXFileReference; includeInIndex = 1; lastKnownFileType = text.xcconfig; name = "Pods-FWC.release.xcconfig"; path = "Target Support Files/Pods-FWC/Pods-FWC.release.xcconfig"; sourceTree = "<group>"; };
/* End PBXFileReference section */

/* Begin PBXFrameworksBuildPhase section */
		CEE936592940D07800945C64 /* Frameworks */ = {
			isa = PBXFrameworksBuildPhase;
			buildActionMask = 2147483647;
			files = (
				7CEC10FF3F8C25D1EEB4BA19 /* Pods_FWC.framework in Frameworks */,
			);
			runOnlyForDeploymentPostprocessing = 0;
		};
/* End PBXFrameworksBuildPhase section */

/* Begin PBXGroup section */
		40B2FBB7DA53ED5371B8E8DC /* Pods */ = {
			isa = PBXGroup;
			children = (
				1F4E80B43D5859B4636E9F20 /* Pods-FWC.debug.xcconfig */,
				F190B7D3C9655F2B3E6AF006 /* Pods-FWC.release.xcconfig */,
			);
			path = Pods;
			sourceTree = "<group>";
		};
		CE00C5822949FD9D009B060D /* images */ = {
			isa = PBXGroup;
			children = (
				CE00C586294A0098009B060D /* icons8-add-64.png */,
				CE00C5832949FDCD009B060D /* LaunchScreen.png */,
			);
			path = images;
			sourceTree = "<group>";
		};
		CE3CFD76294AF56C0051ECA5 /* Frameworks */ = {
			isa = PBXGroup;
			children = (
				CE3CFD77294AF56C0051ECA5 /* libsqlite3.tbd */,
				AA7DFCC883843EA154AEB5C6 /* Pods_FWC.framework */,
			);
			name = Frameworks;
			sourceTree = "<group>";
		};
		CE3CFD7A294AF93C0051ECA5 /* FMDB */ = {
			isa = PBXGroup;
			children = (
				CE3CFD7F294AF9740051ECA5 /* FMDatabase.h */,
				CE3CFD7E294AF9740051ECA5 /* FMDatabase.m */,
				CE3CFD86294AF9740051ECA5 /* FMDatabaseAdditions.h */,
				CE3CFD7C294AF9740051ECA5 /* FMDatabaseAdditions.m */,
				CE3CFD81294AF9740051ECA5 /* FMDatabasePool.h */,
				CE3CFD84294AF9740051ECA5 /* FMDatabasePool.m */,
				CE3CFD7D294AF9740051ECA5 /* FMDatabaseQueue.h */,
				CE3CFD80294AF9740051ECA5 /* FMDatabaseQueue.m */,
				CE3CFD82294AF9740051ECA5 /* FMDB.h */,
				CE3CFD85294AF9740051ECA5 /* FMResultSet.h */,
				CE3CFD83294AF9740051ECA5 /* FMResultSet.m */,
				CE3CFD7B294AF9730051ECA5 /* FWC-Bridging-Header.h */,
			);
			path = FMDB;
			sourceTree = "<group>";
		};
		CEE936532940D07800945C64 = {
			isa = PBXGroup;
			children = (
				CEE9365E2940D07800945C64 /* FWC */,
				CEE9365D2940D07800945C64 /* Products */,
				CE3CFD76294AF56C0051ECA5 /* Frameworks */,
				40B2FBB7DA53ED5371B8E8DC /* Pods */,
			);
			sourceTree = "<group>";
		};
		CEE9365D2940D07800945C64 /* Products */ = {
			isa = PBXGroup;
			children = (
				CEE9365C2940D07800945C64 /* FWC.app */,
			);
			name = Products;
			sourceTree = "<group>";
		};
		CEE9365E2940D07800945C64 /* FWC */ = {
			isa = PBXGroup;
			children = (
				CE3CFD7A294AF93C0051ECA5 /* FMDB */,
				CE00C5822949FD9D009B060D /* images */,
				CEE9365F2940D07800945C64 /* AppDelegate.swift */,
				CEE936612940D07800945C64 /* SceneDelegate.swift */,
				CEE936632940D07800945C64 /* ViewController.swift */,
				CEE936652940D07800945C64 /* Main.storyboard */,
				CEE936682940D07900945C64 /* Assets.xcassets */,
				CEE9366A2940D07900945C64 /* LaunchScreen.storyboard */,
				CEE9366D2940D07900945C64 /* Info.plist */,
				CEE936812940DA7600945C64 /* SideMenuViewController.swift */,
				CE3CFD8E294AFA320051ECA5 /* DBManager.swift */,
				CEC8FE4029533AF6006F8160 /* WebInfoTableViewCell.swift */,
				CEC8FE4329533BB9006F8160 /* WebInformation.swift */,
			);
			path = FWC;
			sourceTree = "<group>";
		};
/* End PBXGroup section */

/* Begin PBXNativeTarget section */
		CEE9365B2940D07800945C64 /* FWC */ = {
			isa = PBXNativeTarget;
			buildConfigurationList = CEE936702940D07900945C64 /* Build configuration list for PBXNativeTarget "FWC" */;
			buildPhases = (
				9C4A006D921179540C99DA62 /* [CP] Check Pods Manifest.lock */,
				CEE936582940D07800945C64 /* Sources */,
				CEE936592940D07800945C64 /* Frameworks */,
				CEE9365A2940D07800945C64 /* Resources */,
				42945D42B8BB904A8B6CDB49 /* [CP] Embed Pods Frameworks */,
			);
			buildRules = (
			);
			dependencies = (
			);
			name = FWC;
			productName = FWC;
			productReference = CEE9365C2940D07800945C64 /* FWC.app */;
			productType = "com.apple.product-type.application";
		};
/* End PBXNativeTarget section */

/* Begin PBXProject section */
		CEE936542940D07800945C64 /* Project object */ = {
			isa = PBXProject;
			attributes = {
				LastSwiftUpdateCheck = 1240;
				LastUpgradeCheck = 1240;
				TargetAttributes = {
					CEE9365B2940D07800945C64 = {
						CreatedOnToolsVersion = 12.4;
						LastSwiftMigration = 1210;
					};
				};
			};
			buildConfigurationList = CEE936572940D07800945C64 /* Build configuration list for PBXProject "FWC" */;
			compatibilityVersion = "Xcode 9.3";
			developmentRegion = en;
			hasScannedForEncodings = 0;
			knownRegions = (
				en,
				Base,
			);
			mainGroup = CEE936532940D07800945C64;
			productRefGroup = CEE9365D2940D07800945C64 /* Products */;
			projectDirPath = "";
			projectRoot = "";
			targets = (
				CEE9365B2940D07800945C64 /* FWC */,
			);
		};
/* End PBXProject section */

/* Begin PBXResourcesBuildPhase section */
		CEE9365A2940D07800945C64 /* Resources */ = {
			isa = PBXResourcesBuildPhase;
			buildActionMask = 2147483647;
			files = (
				CEE9366C2940D07900945C64 /* LaunchScreen.storyboard in Resources */,
				CEE936692940D07900945C64 /* Assets.xcassets in Resources */,
				CE00C5842949FDCD009B060D /* LaunchScreen.png in Resources */,
				CE00C587294A0098009B060D /* icons8-add-64.png in Resources */,
				CEE936672940D07800945C64 /* Main.storyboard in Resources */,
			);
			runOnlyForDeploymentPostprocessing = 0;
		};
/* End PBXResourcesBuildPhase section */

/* Begin PBXShellScriptBuildPhase section */
		42945D42B8BB904A8B6CDB49 /* [CP] Embed Pods Frameworks */ = {
			isa = PBXShellScriptBuildPhase;
			buildActionMask = 2147483647;
			files = (
			);
			inputFileListPaths = (
				"${PODS_ROOT}/Target Support Files/Pods-FWC/Pods-FWC-frameworks-${CONFIGURATION}-input-files.xcfilelist",
			);
			name = "[CP] Embed Pods Frameworks";
			outputFileListPaths = (
				"${PODS_ROOT}/Target Support Files/Pods-FWC/Pods-FWC-frameworks-${CONFIGURATION}-output-files.xcfilelist",
			);
			runOnlyForDeploymentPostprocessing = 0;
			shellPath = /bin/sh;
			shellScript = "\"${PODS_ROOT}/Target Support Files/Pods-FWC/Pods-FWC-frameworks.sh\"\n";
			showEnvVarsInLog = 0;
		};
		9C4A006D921179540C99DA62 /* [CP] Check Pods Manifest.lock */ = {
			isa = PBXShellScriptBuildPhase;
			buildActionMask = 2147483647;
			files = (
			);
			inputFileListPaths = (
			);
			inputPaths = (
				"${PODS_PODFILE_DIR_PATH}/Podfile.lock",
				"${PODS_ROOT}/Manifest.lock",
			);
			name = "[CP] Check Pods Manifest.lock";
			outputFileListPaths = (
			);
			outputPaths = (
				"$(DERIVED_FILE_DIR)/Pods-FWC-checkManifestLockResult.txt",
			);
			runOnlyForDeploymentPostprocessing = 0;
			shellPath = /bin/sh;
			shellScript = "diff \"${PODS_PODFILE_DIR_PATH}/Podfile.lock\" \"${PODS_ROOT}/Manifest.lock\" > /dev/null\nif [ $? != 0 ] ; then\n    # print error to STDERR\n    echo \"error: The sandbox is not in sync with the Podfile.lock. Run 'pod install' or update your CocoaPods installation.\" >&2\n    exit 1\nfi\n# This output is used by Xcode 'outputs' to avoid re-running this script phase.\necho \"SUCCESS\" > \"${SCRIPT_OUTPUT_FILE_0}\"\n";
			showEnvVarsInLog = 0;
		};
/* End PBXShellScriptBuildPhase section */

/* Begin PBXSourcesBuildPhase section */
		CEE936582940D07800945C64 /* Sources */ = {
			isa = PBXSourcesBuildPhase;
			buildActionMask = 2147483647;
			files = (
				CEE936822940DA7600945C64 /* SideMenuViewController.swift in Sources */,
				CEC8FE4129533AF6006F8160 /* WebInfoTableViewCell.swift in Sources */,
				CEE936642940D07800945C64 /* ViewController.swift in Sources */,
				CEE936602940D07800945C64 /* AppDelegate.swift in Sources */,
				CEC8FE4429533BB9006F8160 /* WebInformation.swift in Sources */,
				CE3CFD89294AF9740051ECA5 /* FMDatabaseQueue.m in Sources */,
				CE3CFD8B294AF9740051ECA5 /* FMDatabasePool.m in Sources */,
				CE3CFD8F294AFA320051ECA5 /* DBManager.swift in Sources */,
				CE3CFD88294AF9740051ECA5 /* FMDatabase.m in Sources */,
				CEE936622940D07800945C64 /* SceneDelegate.swift in Sources */,
				CE3CFD8A294AF9740051ECA5 /* FMResultSet.m in Sources */,
				CE3CFD87294AF9740051ECA5 /* FMDatabaseAdditions.m in Sources */,
			);
			runOnlyForDeploymentPostprocessing = 0;
		};
/* End PBXSourcesBuildPhase section */

/* Begin PBXVariantGroup section */
		CEE936652940D07800945C64 /* Main.storyboard */ = {
			isa = PBXVariantGroup;
			children = (
				CEE936662940D07800945C64 /* Base */,
			);
			name = Main.storyboard;
			sourceTree = "<group>";
		};
		CEE9366A2940D07900945C64 /* LaunchScreen.storyboard */ = {
			isa = PBXVariantGroup;
			children = (
				CEE9366B2940D07900945C64 /* Base */,
			);
			name = LaunchScreen.storyboard;
			sourceTree = "<group>";
		};
/* End PBXVariantGroup section */

/* Begin XCBuildConfiguration section */
		CEE9366E2940D07900945C64 /* Debug */ = {
			isa = XCBuildConfiguration;
			buildSettings = {
				ALWAYS_SEARCH_USER_PATHS = NO;
				CLANG_ANALYZER_NONNULL = YES;
				CLANG_ANALYZER_NUMBER_OBJECT_CONVERSION = YES_AGGRESSIVE;
				CLANG_CXX_LANGUAGE_STANDARD = "gnu++14";
				CLANG_CXX_LIBRARY = "libc++";
				CLANG_ENABLE_MODULES = YES;
				CLANG_ENABLE_OBJC_ARC = YES;
				CLANG_ENABLE_OBJC_WEAK = YES;
				CLANG_WARN_BLOCK_CAPTURE_AUTORELEASING = YES;
				CLANG_WARN_BOOL_CONVERSION = YES;
				CLANG_WARN_COMMA = YES;
				CLANG_WARN_CONSTANT_CONVERSION = YES;
				CLANG_WARN_DEPRECATED_OBJC_IMPLEMENTATIONS = YES;
				CLANG_WARN_DIRECT_OBJC_ISA_USAGE = YES_ERROR;
				CLANG_WARN_DOCUMENTATION_COMMENTS = YES;
				CLANG_WARN_EMPTY_BODY = YES;
				CLANG_WARN_ENUM_CONVERSION = YES;
				CLANG_WARN_INFINITE_RECURSION = YES;
				CLANG_WARN_INT_CONVERSION = YES;
				CLANG_WARN_NON_LITERAL_NULL_CONVERSION = YES;
				CLANG_WARN_OBJC_IMPLICIT_RETAIN_SELF = YES;
				CLANG_WARN_OBJC_LITERAL_CONVERSION = YES;
				CLANG_WARN_OBJC_ROOT_CLASS = YES_ERROR;
				CLANG_WARN_QUOTED_INCLUDE_IN_FRAMEWORK_HEADER = YES;
				CLANG_WARN_RANGE_LOOP_ANALYSIS = YES;
				CLANG_WARN_STRICT_PROTOTYPES = YES;
				CLANG_WARN_SUSPICIOUS_MOVE = YES;
				CLANG_WARN_UNGUARDED_AVAILABILITY = YES_AGGRESSIVE;
				CLANG_WARN_UNREACHABLE_CODE = YES;
				CLANG_WARN__DUPLICATE_METHOD_MATCH = YES;
				COPY_PHASE_STRIP = NO;
				DEBUG_INFORMATION_FORMAT = dwarf;
				ENABLE_STRICT_OBJC_MSGSEND = YES;
				ENABLE_TESTABILITY = YES;
				GCC_C_LANGUAGE_STANDARD = gnu11;
				GCC_DYNAMIC_NO_PIC = NO;
				GCC_NO_COMMON_BLOCKS = YES;
				GCC_OPTIMIZATION_LEVEL = 0;
				GCC_PREPROCESSOR_DEFINITIONS = (
					"DEBUG=1",
					"$(inherited)",
				);
				GCC_WARN_64_TO_32_BIT_CONVERSION = YES;
				GCC_WARN_ABOUT_RETURN_TYPE = YES_ERROR;
				GCC_WARN_UNDECLARED_SELECTOR = YES;
				GCC_WARN_UNINITIALIZED_AUTOS = YES_AGGRESSIVE;
				GCC_WARN_UNUSED_FUNCTION = YES;
				GCC_WARN_UNUSED_VARIABLE = YES;
				IPHONEOS_DEPLOYMENT_TARGET = 14.4;
				MTL_ENABLE_DEBUG_INFO = INCLUDE_SOURCE;
				MTL_FAST_MATH = YES;
				ONLY_ACTIVE_ARCH = YES;
				SDKROOT = iphoneos;
				SWIFT_ACTIVE_COMPILATION_CONDITIONS = DEBUG;
				SWIFT_OPTIMIZATION_LEVEL = "-Onone";
			};
			name = Debug;
		};
		CEE9366F2940D07900945C64 /* Release */ = {
			isa = XCBuildConfiguration;
			buildSettings = {
				ALWAYS_SEARCH_USER_PATHS = NO;
				CLANG_ANALYZER_NONNULL = YES;
				CLANG_ANALYZER_NUMBER_OBJECT_CONVERSION = YES_AGGRESSIVE;
				CLANG_CXX_LANGUAGE_STANDARD = "gnu++14";
				CLANG_CXX_LIBRARY = "libc++";
				CLANG_ENABLE_MODULES = YES;
				CLANG_ENABLE_OBJC_ARC = YES;
				CLANG_ENABLE_OBJC_WEAK = YES;
				CLANG_WARN_BLOCK_CAPTURE_AUTORELEASING = YES;
				CLANG_WARN_BOOL_CONVERSION = YES;
				CLANG_WARN_COMMA = YES;
				CLANG_WARN_CONSTANT_CONVERSION = YES;
				CLANG_WARN_DEPRECATED_OBJC_IMPLEMENTATIONS = YES;
				CLANG_WARN_DIRECT_OBJC_ISA_USAGE = YES_ERROR;
				CLANG_WARN_DOCUMENTATION_COMMENTS = YES;
				CLANG_WARN_EMPTY_BODY = YES;
				CLANG_WARN_ENUM_CONVERSION = YES;
				CLANG_WARN_INFINITE_RECURSION = YES;
				CLANG_WARN_INT_CONVERSION = YES;
				CLANG_WARN_NON_LITERAL_NULL_CONVERSION = YES;
				CLANG_WARN_OBJC_IMPLICIT_RETAIN_SELF = YES;
				CLANG_WARN_OBJC_LITERAL_CONVERSION = YES;
				CLANG_WARN_OBJC_ROOT_CLASS = YES_ERROR;
				CLANG_WARN_QUOTED_INCLUDE_IN_FRAMEWORK_HEADER = YES;
				CLANG_WARN_RANGE_LOOP_ANALYSIS = YES;
				CLANG_WARN_STRICT_PROTOTYPES = YES;
				CLANG_WARN_SUSPICIOUS_MOVE = YES;
				CLANG_WARN_UNGUARDED_AVAILABILITY = YES_AGGRESSIVE;
				CLANG_WARN_UNREACHABLE_CODE = YES;
				CLANG_WARN__DUPLICATE_METHOD_MATCH = YES;
				COPY_PHASE_STRIP = NO;
				DEBUG_INFORMATION_FORMAT = "dwarf-with-dsym";
				ENABLE_NS_ASSERTIONS = NO;
				ENABLE_STRICT_OBJC_MSGSEND = YES;
				GCC_C_LANGUAGE_STANDARD = gnu11;
				GCC_NO_COMMON_BLOCKS = YES;
				GCC_WARN_64_TO_32_BIT_CONVERSION = YES;
				GCC_WARN_ABOUT_RETURN_TYPE = YES_ERROR;
				GCC_WARN_UNDECLARED_SELECTOR = YES;
				GCC_WARN_UNINITIALIZED_AUTOS = YES_AGGRESSIVE;
				GCC_WARN_UNUSED_FUNCTION = YES;
				GCC_WARN_UNUSED_VARIABLE = YES;
				IPHONEOS_DEPLOYMENT_TARGET = 14.4;
				MTL_ENABLE_DEBUG_INFO = NO;
				MTL_FAST_MATH = YES;
				SDKROOT = iphoneos;
				SWIFT_COMPILATION_MODE = wholemodule;
				SWIFT_OPTIMIZATION_LEVEL = "-O";
				VALIDATE_PRODUCT = YES;
			};
			name = Release;
		};
		CEE936712940D07900945C64 /* Debug */ = {
			isa = XCBuildConfiguration;
			baseConfigurationReference = 1F4E80B43D5859B4636E9F20 /* Pods-FWC.debug.xcconfig */;
			buildSettings = {
				ASSETCATALOG_COMPILER_APPICON_NAME = AppIcon;
				ASSETCATALOG_COMPILER_GLOBAL_ACCENT_COLOR_NAME = AccentColor;
				CLANG_ENABLE_MODULES = YES;
				CODE_SIGN_STYLE = Automatic;
				INFOPLIST_FILE = FWC/Info.plist;
				IPHONEOS_DEPLOYMENT_TARGET = 14.1;
				LD_RUNPATH_SEARCH_PATHS = (
					"$(inherited)",
					"@executable_path/Frameworks",
				);
				PRODUCT_BUNDLE_IDENTIFIER = tw.edu.fcu.d0843806.FWC;
				PRODUCT_NAME = "$(TARGET_NAME)";
				SWIFT_OBJC_BRIDGING_HEADER = "FWC/FMDB/FWC-Bridging-Header.h";
				SWIFT_OPTIMIZATION_LEVEL = "-Onone";
				SWIFT_VERSION = 5.0;
				TARGETED_DEVICE_FAMILY = "1,2";
			};
			name = Debug;
		};
		CEE936722940D07900945C64 /* Release */ = {
			isa = XCBuildConfiguration;
			baseConfigurationReference = F190B7D3C9655F2B3E6AF006 /* Pods-FWC.release.xcconfig */;
			buildSettings = {
				ASSETCATALOG_COMPILER_APPICON_NAME = AppIcon;
				ASSETCATALOG_COMPILER_GLOBAL_ACCENT_COLOR_NAME = AccentColor;
				CLANG_ENABLE_MODULES = YES;
				CODE_SIGN_STYLE = Automatic;
				INFOPLIST_FILE = FWC/Info.plist;
				IPHONEOS_DEPLOYMENT_TARGET = 14.1;
				LD_RUNPATH_SEARCH_PATHS = (
					"$(inherited)",
					"@executable_path/Frameworks",
				);
				PRODUCT_BUNDLE_IDENTIFIER = tw.edu.fcu.d0843806.FWC;
				PRODUCT_NAME = "$(TARGET_NAME)";
				SWIFT_OBJC_BRIDGING_HEADER = "FWC/FMDB/FWC-Bridging-Header.h";
				SWIFT_VERSION = 5.0;
				TARGETED_DEVICE_FAMILY = "1,2";
			};
			name = Release;
		};
/* End XCBuildConfiguration section */

/* Begin XCConfigurationList section */
		CEE936572940D07800945C64 /* Build configuration list for PBXProject "FWC" */ = {
			isa = XCConfigurationList;
			buildConfigurations = (
				CEE9366E2940D07900945C64 /* Debug */,
				CEE9366F2940D07900945C64 /* Release */,
			);
			defaultConfigurationIsVisible = 0;
			defaultConfigurationName = Release;
		};
		CEE936702940D07900945C64 /* Build configuration list for PBXNativeTarget "FWC" */ = {
			isa = XCConfigurationList;
			buildConfigurations = (
				CEE936712940D07900945C64 /* Debug */,
				CEE936722940D07900945C64 /* Release */,
			);
			defaultConfigurationIsVisible = 0;
			defaultConfigurationName = Release;
		};
/* End XCConfigurationList section */
	};
	rootObject = CEE936542940D07800945C64 /* Project object */;
}
